// !$*UTF8*$!
{
	archiveVersion = 1;
	classes = {
	};
	objectVersion = 56;
	objects = {

/* Begin PBXBuildFile section */
		DA8915A02AE43AB0001AF38E /* GiftApp.swift in Sources */ = {isa = PBXBuildFile; fileRef = DA89159F2AE43AB0001AF38E /* GiftApp.swift */; };
		DA8915A22AE43AB0001AF38E /* ContentView.swift in Sources */ = {isa = PBXBuildFile; fileRef = DA8915A12AE43AB0001AF38E /* ContentView.swift */; };
		DA8915A42AE43AB2001AF38E /* Assets.xcassets in Resources */ = {isa = PBXBuildFile; fileRef = DA8915A32AE43AB2001AF38E /* Assets.xcassets */; };
		DA8915A72AE43AB2001AF38E /* Preview Assets.xcassets in Resources */ = {isa = PBXBuildFile; fileRef = DA8915A62AE43AB2001AF38E /* Preview Assets.xcassets */; };
		DA8915AE2AE43F43001AF38E /* pastel-de-cumpleanos.png in Resources */ = {isa = PBXBuildFile; fileRef = DA8915AD2AE43F43001AF38E /* pastel-de-cumpleanos.png */; };
		DA8915B22AE4403B001AF38E /* Media.xcassets in Resources */ = {isa = PBXBuildFile; fileRef = DA8915B12AE4403B001AF38E /* Media.xcassets */; };
		DA8915B42AE442C7001AF38E /* Cuestionario.swift in Sources */ = {isa = PBXBuildFile; fileRef = DA8915B32AE442C7001AF38E /* Cuestionario.swift */; };
		DAAE0F512AE8942B00B6CECE /* Cuestionario2.swift in Sources */ = {isa = PBXBuildFile; fileRef = DAAE0F502AE8942B00B6CECE /* Cuestionario2.swift */; };
/* End PBXBuildFile section */

/* Begin PBXFileReference section */
		DA89159C2AE43AB0001AF38E /* Gift.app */ = {isa = PBXFileReference; explicitFileType = wrapper.application; includeInIndex = 0; path = Gift.app; sourceTree = BUILT_PRODUCTS_DIR; };
		DA89159F2AE43AB0001AF38E /* GiftApp.swift */ = {isa = PBXFileReference; lastKnownFileType = sourcecode.swift; path = GiftApp.swift; sourceTree = "<group>"; };
		DA8915A12AE43AB0001AF38E /* ContentView.swift */ = {isa = PBXFileReference; lastKnownFileType = sourcecode.swift; path = ContentView.swift; sourceTree = "<group>"; };
		DA8915A32AE43AB2001AF38E /* Assets.xcassets */ = {isa = PBXFileReference; lastKnownFileType = folder.assetcatalog; path = Assets.xcassets; sourceTree = "<group>"; };
		DA8915A62AE43AB2001AF38E /* Preview Assets.xcassets */ = {isa = PBXFileReference; lastKnownFileType = folder.assetcatalog; path = "Preview Assets.xcassets"; sourceTree = "<group>"; };
		DA8915AD2AE43F43001AF38E /* pastel-de-cumpleanos.png */ = {isa = PBXFileReference; lastKnownFileType = image.png; name = "pastel-de-cumpleanos.png"; path = "../../../Downloads/pastel-de-cumpleanos.png"; sourceTree = "<group>"; };
		DA8915B12AE4403B001AF38E /* Media.xcassets */ = {isa = PBXFileReference; lastKnownFileType = folder.assetcatalog; path = Media.xcassets; sourceTree = "<group>"; };
		DA8915B32AE442C7001AF38E /* Cuestionario.swift */ = {isa = PBXFileReference; lastKnownFileType = sourcecode.swift; path = Cuestionario.swift; sourceTree = "<group>"; };
		DAAE0F502AE8942B00B6CECE /* Cuestionario2.swift */ = {isa = PBXFileReference; lastKnownFileType = sourcecode.swift; path = Cuestionario2.swift; sourceTree = "<group>"; };
/* End PBXFileReference section */

/* Begin PBXFrameworksBuildPhase section */
		DA8915992AE43AB0001AF38E /* Frameworks */ = {
			isa = PBXFrameworksBuildPhase;
			buildActionMask = 2147483647;
			files = (
			);
			runOnlyForDeploymentPostprocessing = 0;
		};
/* End PBXFrameworksBuildPhase section */

/* Begin PBXGroup section */
		DA8915932AE43AB0001AF38E = {
			isa = PBXGroup;
			children = (
				DA89159E2AE43AB0001AF38E /* Gift */,
				DA89159D2AE43AB0001AF38E /* Products */,
			);
			sourceTree = "<group>";
		};
		DA89159D2AE43AB0001AF38E /* Products */ = {
			isa = PBXGroup;
			children = (
				DA89159C2AE43AB0001AF38E /* Gift.app */,
			);
			name = Products;
			sourceTree = "<group>";
		};
		DA89159E2AE43AB0001AF38E /* Gift */ = {
			isa = PBXGroup;
			children = (
				DA89159F2AE43AB0001AF38E /* GiftApp.swift */,
				DA8915A12AE43AB0001AF38E /* ContentView.swift */,
				DA8915A32AE43AB2001AF38E /* Assets.xcassets */,
				DA8915A52AE43AB2001AF38E /* Preview Content */,
				DA8915AD2AE43F43001AF38E /* pastel-de-cumpleanos.png */,
				DA8915B12AE4403B001AF38E /* Media.xcassets */,
				DA8915B32AE442C7001AF38E /* Cuestionario.swift */,
				DAAE0F502AE8942B00B6CECE /* Cuestionario2.swift */,
			);
			path = Gift;
			sourceTree = "<group>";
		};
		DA8915A52AE43AB2001AF38E /* Preview Content */ = {
			isa = PBXGroup;
			children = (
				DA8915A62AE43AB2001AF38E /* Preview Assets.xcassets */,
			);
			path = "Preview Content";
			sourceTree = "<group>";
		};
/* End PBXGroup section */

/* Begin PBXNativeTarget section */
		DA89159B2AE43AB0001AF38E /* Gift */ = {
			isa = PBXNativeTarget;
			buildConfigurationList = DA8915AA2AE43AB2001AF38E /* Build configuration list for PBXNativeTarget "Gift" */;
			buildPhases = (
				DA8915982AE43AB0001AF38E /* Sources */,
				DA8915992AE43AB0001AF38E /* Frameworks */,
				DA89159A2AE43AB0001AF38E /* Resources */,
			);
			buildRules = (
			);
			dependencies = (
			);
			name = Gift;
			productName = Gift;
			productReference = DA89159C2AE43AB0001AF38E /* Gift.app */;
			productType = "com.apple.product-type.application";
		};
/* End PBXNativeTarget section */

/* Begin PBXProject section */
		DA8915942AE43AB0001AF38E /* Project object */ = {
			isa = PBXProject;
			attributes = {
				BuildIndependentTargetsInParallel = 1;
				LastSwiftUpdateCheck = 1500;
				LastUpgradeCheck = 1500;
				TargetAttributes = {
					DA89159B2AE43AB0001AF38E = {
						CreatedOnToolsVersion = 15.0.1;
					};
				};
			};
			buildConfigurationList = DA8915972AE43AB0001AF38E /* Build configuration list for PBXProject "Gift" */;
			compatibilityVersion = "Xcode 14.0";
			developmentRegion = en;
			hasScannedForEncodings = 0;
			knownRegions = (
				en,
				Base,
			);
			mainGroup = DA8915932AE43AB0001AF38E;
			productRefGroup = DA89159D2AE43AB0001AF38E /* Products */;
			projectDirPath = "";
			projectRoot = "";
			targets = (
				DA89159B2AE43AB0001AF38E /* Gift */,
			);
		};
/* End PBXProject section */

/* Begin PBXResourcesBuildPhase section */
		DA89159A2AE43AB0001AF38E /* Resources */ = {
			isa = PBXResourcesBuildPhase;
			buildActionMask = 2147483647;
			files = (
				DA8915AE2AE43F43001AF38E /* pastel-de-cumpleanos.png in Resources */,
				DA8915A72AE43AB2001AF38E /* Preview Assets.xcassets in Resources */,
				DA8915B22AE4403B001AF38E /* Media.xcassets in Resources */,
				DA8915A42AE43AB2001AF38E /* Assets.xcassets in Resources */,
			);
			runOnlyForDeploymentPostprocessing = 0;
		};
/* End PBXResourcesBuildPhase section */

/* Begin PBXSourcesBuildPhase section */
		DA8915982AE43AB0001AF38E /* Sources */ = {
			isa = PBXSourcesBuildPhase;
			buildActionMask = 2147483647;
			files = (
				DA8915A22AE43AB0001AF38E /* ContentView.swift in Sources */,
				DAAE0F512AE8942B00B6CECE /* Cuestionario2.swift in Sources */,
				DA8915A02AE43AB0001AF38E /* GiftApp.swift in Sources */,
				DA8915B42AE442C7001AF38E /* Cuestionario.swift in Sources */,
			);
			runOnlyForDeploymentPostprocessing = 0;
		};
/* End PBXSourcesBuildPhase section */

/* Begin XCBuildConfiguration section */
		DA8915A82AE43AB2001AF38E /* Debug */ = {
			isa = XCBuildConfiguration;
			buildSettings = {
				ALWAYS_SEARCH_USER_PATHS = NO;
				ASSETCATALOG_COMPILER_GENERATE_SWIFT_ASSET_SYMBOL_EXTENSIONS = YES;
				CLANG_ANALYZER_NONNULL = YES;
				CLANG_ANALYZER_NUMBER_OBJECT_CONVERSION = YES_AGGRESSIVE;
				CLANG_CXX_LANGUAGE_STANDARD = "gnu++20";
				CLANG_ENABLE_MODULES = YES;
				CLANG_ENABLE_OBJC_ARC = YES;
				CLANG_ENABLE_OBJC_WEAK = YES;
				CLANG_WARN_BLOCK_CAPTURE_AUTORELEASING = YES;
				CLANG_WARN_BOOL_CONVERSION = YES;
				CLANG_WARN_COMMA = YES;
				CLANG_WARN_CONSTANT_CONVERSION = YES;
				CLANG_WARN_DEPRECATED_OBJC_IMPLEMENTATIONS = YES;
				CLANG_WARN_DIRECT_OBJC_ISA_USAGE = YES_ERROR;
				CLANG_WARN_DOCUMENTATION_COMMENTS = YES;
				CLANG_WARN_EMPTY_BODY = YES;
				CLANG_WARN_ENUM_CONVERSION = YES;
				CLANG_WARN_INFINITE_RECURSION = YES;
				CLANG_WARN_INT_CONVERSION = YES;
				CLANG_WARN_NON_LITERAL_NULL_CONVERSION = YES;
				CLANG_WARN_OBJC_IMPLICIT_RETAIN_SELF = YES;
				CLANG_WARN_OBJC_LITERAL_CONVERSION = YES;
				CLANG_WARN_OBJC_ROOT_CLASS = YES_ERROR;
				CLANG_WARN_QUOTED_INCLUDE_IN_FRAMEWORK_HEADER = YES;
				CLANG_WARN_RANGE_LOOP_ANALYSIS = YES;
				CLANG_WARN_STRICT_PROTOTYPES = YES;
				CLANG_WARN_SUSPICIOUS_MOVE = YES;
				CLANG_WARN_UNGUARDED_AVAILABILITY = YES_AGGRESSIVE;
				CLANG_WARN_UNREACHABLE_CODE = YES;
				CLANG_WARN__DUPLICATE_METHOD_MATCH = YES;
				COPY_PHASE_STRIP = NO;
				DEBUG_INFORMATION_FORMAT = dwarf;
				ENABLE_STRICT_OBJC_MSGSEND = YES;
				ENABLE_TESTABILITY = YES;
				ENABLE_USER_SCRIPT_SANDBOXING = YES;
				GCC_C_LANGUAGE_STANDARD = gnu17;
				GCC_DYNAMIC_NO_PIC = NO;
				GCC_NO_COMMON_BLOCKS = YES;
				GCC_OPTIMIZATION_LEVEL = 0;
				GCC_PREPROCESSOR_DEFINITIONS = (
					"DEBUG=1",
					"$(inherited)",
				);
				GCC_WARN_64_TO_32_BIT_CONVERSION = YES;
				GCC_WARN_ABOUT_RETURN_TYPE = YES_ERROR;
				GCC_WARN_UNDECLARED_SELECTOR = YES;
				GCC_WARN_UNINITIALIZED_AUTOS = YES_AGGRESSIVE;
				GCC_WARN_UNUSED_FUNCTION = YES;
				GCC_WARN_UNUSED_VARIABLE = YES;
				IPHONEOS_DEPLOYMENT_TARGET = 17.0;
				LOCALIZATION_PREFERS_STRING_CATALOGS = YES;
				MTL_ENABLE_DEBUG_INFO = INCLUDE_SOURCE;
				MTL_FAST_MATH = YES;
				ONLY_ACTIVE_ARCH = YES;
				SDKROOT = iphoneos;
				SWIFT_ACTIVE_COMPILATION_CONDITIONS = "DEBUG $(inherited)";
				SWIFT_OPTIMIZATION_LEVEL = "-Onone";
			};
			name = Debug;
		};
		DA8915A92AE43AB2001AF38E /* Release */ = {
			isa = XCBuildConfiguration;
			buildSettings = {
				ALWAYS_SEARCH_USER_PATHS = NO;
				ASSETCATALOG_COMPILER_GENERATE_SWIFT_ASSET_SYMBOL_EXTENSIONS = YES;
				CLANG_ANALYZER_NONNULL = YES;
				CLANG_ANALYZER_NUMBER_OBJECT_CONVERSION = YES_AGGRESSIVE;
				CLANG_CXX_LANGUAGE_STANDARD = "gnu++20";
				CLANG_ENABLE_MODULES = YES;
				CLANG_ENABLE_OBJC_ARC = YES;
				CLANG_ENABLE_OBJC_WEAK = YES;
				CLANG_WARN_BLOCK_CAPTURE_AUTORELEASING = YES;
				CLANG_WARN_BOOL_CONVERSION = YES;
				CLANG_WARN_COMMA = YES;
				CLANG_WARN_CONSTANT_CONVERSION = YES;
				CLANG_WARN_DEPRECATED_OBJC_IMPLEMENTATIONS = YES;
				CLANG_WARN_DIRECT_OBJC_ISA_USAGE = YES_ERROR;
				CLANG_WARN_DOCUMENTATION_COMMENTS = YES;
				CLANG_WARN_EMPTY_BODY = YES;
				CLANG_WARN_ENUM_CONVERSION = YES;
				CLANG_WARN_INFINITE_RECURSION = YES;
				CLANG_WARN_INT_CONVERSION = YES;
				CLANG_WARN_NON_LITERAL_NULL_CONVERSION = YES;
				CLANG_WARN_OBJC_IMPLICIT_RETAIN_SELF = YES;
				CLANG_WARN_OBJC_LITERAL_CONVERSION = YES;
				CLANG_WARN_OBJC_ROOT_CLASS = YES_ERROR;
				CLANG_WARN_QUOTED_INCLUDE_IN_FRAMEWORK_HEADER = YES;
				CLANG_WARN_RANGE_LOOP_ANALYSIS = YES;
				CLANG_WARN_STRICT_PROTOTYPES = YES;
				CLANG_WARN_SUSPICIOUS_MOVE = YES;
				CLANG_WARN_UNGUARDED_AVAILABILITY = YES_AGGRESSIVE;
				CLANG_WARN_UNREACHABLE_CODE = YES;
				CLANG_WARN__DUPLICATE_METHOD_MATCH = YES;
				COPY_PHASE_STRIP = NO;
				DEBUG_INFORMATION_FORMAT = "dwarf-with-dsym";
				ENABLE_NS_ASSERTIONS = NO;
				ENABLE_STRICT_OBJC_MSGSEND = YES;
				ENABLE_USER_SCRIPT_SANDBOXING = YES;
				GCC_C_LANGUAGE_STANDARD = gnu17;
				GCC_NO_COMMON_BLOCKS = YES;
				GCC_WARN_64_TO_32_BIT_CONVERSION = YES;
				GCC_WARN_ABOUT_RETURN_TYPE = YES_ERROR;
				GCC_WARN_UNDECLARED_SELECTOR = YES;
				GCC_WARN_UNINITIALIZED_AUTOS = YES_AGGRESSIVE;
				GCC_WARN_UNUSED_FUNCTION = YES;
				GCC_WARN_UNUSED_VARIABLE = YES;
				IPHONEOS_DEPLOYMENT_TARGET = 17.0;
				LOCALIZATION_PREFERS_STRING_CATALOGS = YES;
				MTL_ENABLE_DEBUG_INFO = NO;
				MTL_FAST_MATH = YES;
				SDKROOT = iphoneos;
				SWIFT_COMPILATION_MODE = wholemodule;
				VALIDATE_PRODUCT = YES;
			};
			name = Release;
		};
		DA8915AB2AE43AB2001AF38E /* Debug */ = {
			isa = XCBuildConfiguration;
			buildSettings = {
				ASSETCATALOG_COMPILER_APPICON_NAME = AppIcon;
				ASSETCATALOG_COMPILER_GLOBAL_ACCENT_COLOR_NAME = AccentColor;
				CODE_SIGN_STYLE = Automatic;
				CURRENT_PROJECT_VERSION = 1;
				DEVELOPMENT_ASSET_PATHS = "\"Gift/Preview Content\"";
				DEVELOPMENT_TEAM = GUVTAJMT87;
				ENABLE_PREVIEWS = YES;
				GENERATE_INFOPLIST_FILE = YES;
				INFOPLIST_KEY_UIApplicationSceneManifest_Generation = YES;
				INFOPLIST_KEY_UIApplicationSupportsIndirectInputEvents = YES;
				INFOPLIST_KEY_UILaunchScreen_Generation = YES;
				INFOPLIST_KEY_UISupportedInterfaceOrientations_iPad = "UIInterfaceOrientationPortrait UIInterfaceOrientationPortraitUpsideDown UIInterfaceOrientationLandscapeLeft UIInterfaceOrientationLandscapeRight";
				INFOPLIST_KEY_UISupportedInterfaceOrientations_iPhone = "UIInterfaceOrientationPortrait UIInterfaceOrientationLandscapeLeft UIInterfaceOrientationLandscapeRight";
				LD_RUNPATH_SEARCH_PATHS = (
					"$(inherited)",
					"@executable_path/Frameworks",
				);
				MARKETING_VERSION = 1.0;
				PRODUCT_BUNDLE_IDENTIFIER = tesserak.Gift;
				PRODUCT_NAME = "$(TARGET_NAME)";
				SWIFT_EMIT_LOC_STRINGS = YES;
				SWIFT_VERSION = 5.0;
				TARGETED_DEVICE_FAMILY = "1,2";
			};
			name = Debug;
		};
		DA8915AC2AE43AB2001AF38E /* Release */ = {
			isa = XCBuildConfiguration;
			buildSettings = {
				ASSETCATALOG_COMPILER_APPICON_NAME = AppIcon;
				ASSETCATALOG_COMPILER_GLOBAL_ACCENT_COLOR_NAME = AccentColor;
				CODE_SIGN_STYLE = Automatic;
				CURRENT_PROJECT_VERSION = 1;
				DEVELOPMENT_ASSET_PATHS = "\"Gift/Preview Content\"";
				DEVELOPMENT_TEAM = GUVTAJMT87;
				ENABLE_PREVIEWS = YES;
				GENERATE_INFOPLIST_FILE = YES;
				INFOPLIST_KEY_UIApplicationSceneManifest_Generation = YES;
				INFOPLIST_KEY_UIApplicationSupportsIndirectInputEvents = YES;
				INFOPLIST_KEY_UILaunchScreen_Generation = YES;
				INFOPLIST_KEY_UISupportedInterfaceOrientations_iPad = "UIInterfaceOrientationPortrait UIInterfaceOrientationPortraitUpsideDown UIInterfaceOrientationLandscapeLeft UIInterfaceOrientationLandscapeRight";
				INFOPLIST_KEY_UISupportedInterfaceOrientations_iPhone = "UIInterfaceOrientationPortrait UIInterfaceOrientationLandscapeLeft UIInterfaceOrientationLandscapeRight";
				LD_RUNPATH_SEARCH_PATHS = (
					"$(inherited)",
					"@executable_path/Frameworks",
				);
				MARKETING_VERSION = 1.0;
				PRODUCT_BUNDLE_IDENTIFIER = tesserak.Gift;
				PRODUCT_NAME = "$(TARGET_NAME)";
				SWIFT_EMIT_LOC_STRINGS = YES;
				SWIFT_VERSION = 5.0;
				TARGETED_DEVICE_FAMILY = "1,2";
			};
			name = Release;
		};
/* End XCBuildConfiguration section */

/* Begin XCConfigurationList section */
		DA8915972AE43AB0001AF38E /* Build configuration list for PBXProject "Gift" */ = {
			isa = XCConfigurationList;
			buildConfigurations = (
				DA8915A82AE43AB2001AF38E /* Debug */,
				DA8915A92AE43AB2001AF38E /* Release */,
			);
			defaultConfigurationIsVisible = 0;
			defaultConfigurationName = Release;
		};
		DA8915AA2AE43AB2001AF38E /* Build configuration list for PBXNativeTarget "Gift" */ = {
			isa = XCConfigurationList;
			buildConfigurations = (
				DA8915AB2AE43AB2001AF38E /* Debug */,
				DA8915AC2AE43AB2001AF38E /* Release */,
			);
			defaultConfigurationIsVisible = 0;
			defaultConfigurationName = Release;
		};
/* End XCConfigurationList section */
	};
	rootObject = DA8915942AE43AB0001AF38E /* Project object */;
}
